// !$*UTF8*$!
{
	archiveVersion = 1;
	classes = {
	};
	objectVersion = 50;
	objects = {

/* Begin PBXBuildFile section */
		2ABD090A254C5720006724F1 /* AppDelegate.swift in Sources */ = {isa = PBXBuildFile; fileRef = 2ABD0909254C5720006724F1 /* AppDelegate.swift */; };
		2ABD090C254C5720006724F1 /* SceneDelegate.swift in Sources */ = {isa = PBXBuildFile; fileRef = 2ABD090B254C5720006724F1 /* SceneDelegate.swift */; };
		2ABD0911254C5720006724F1 /* Main.storyboard in Resources */ = {isa = PBXBuildFile; fileRef = 2ABD090F254C5720006724F1 /* Main.storyboard */; };
		2ABD0913254C5721006724F1 /* Assets.xcassets in Resources */ = {isa = PBXBuildFile; fileRef = 2ABD0912254C5721006724F1 /* Assets.xcassets */; };
		2ABD0916254C5721006724F1 /* LaunchScreen.storyboard in Resources */ = {isa = PBXBuildFile; fileRef = 2ABD0914254C5721006724F1 /* LaunchScreen.storyboard */; };
		2ABD0921254C5721006724F1 /* IOS_todolistTests.swift in Sources */ = {isa = PBXBuildFile; fileRef = 2ABD0920254C5721006724F1 /* IOS_todolistTests.swift */; };
		2ABD092C254C5721006724F1 /* IOS_todolistUITests.swift in Sources */ = {isa = PBXBuildFile; fileRef = 2ABD092B254C5721006724F1 /* IOS_todolistUITests.swift */; };
		2ABDEE1F255965F5001AA5C8 /* ViewController.swift in Sources */ = {isa = PBXBuildFile; fileRef = 2ABDEE1E255965F5001AA5C8 /* ViewController.swift */; };
		2ABDEE2F25596EEB001AA5C8 /* NewListViewController.swift in Sources */ = {isa = PBXBuildFile; fileRef = 2ABDEE2E25596EEB001AA5C8 /* NewListViewController.swift */; };
		2ABF490825544EFB0074BC5C /* ListViewController.swift in Sources */ = {isa = PBXBuildFile; fileRef = 2ABF490725544EFB0074BC5C /* ListViewController.swift */; };
/* End PBXBuildFile section */

/* Begin PBXContainerItemProxy section */
		2ABD091D254C5721006724F1 /* PBXContainerItemProxy */ = {
			isa = PBXContainerItemProxy;
			containerPortal = 2ABD08FE254C5720006724F1 /* Project object */;
			proxyType = 1;
			remoteGlobalIDString = 2ABD0905254C5720006724F1;
			remoteInfo = "IOS-todolist";
		};
		2ABD0928254C5721006724F1 /* PBXContainerItemProxy */ = {
			isa = PBXContainerItemProxy;
			containerPortal = 2ABD08FE254C5720006724F1 /* Project object */;
			proxyType = 1;
			remoteGlobalIDString = 2ABD0905254C5720006724F1;
			remoteInfo = "IOS-todolist";
		};
/* End PBXContainerItemProxy section */

/* Begin PBXFileReference section */
		2ABD0906254C5720006724F1 /* IOS-todolist.app */ = {isa = PBXFileReference; explicitFileType = wrapper.application; includeInIndex = 0; path = "IOS-todolist.app"; sourceTree = BUILT_PRODUCTS_DIR; };
		2ABD0909254C5720006724F1 /* AppDelegate.swift */ = {isa = PBXFileReference; lastKnownFileType = sourcecode.swift; path = AppDelegate.swift; sourceTree = "<group>"; };
		2ABD090B254C5720006724F1 /* SceneDelegate.swift */ = {isa = PBXFileReference; lastKnownFileType = sourcecode.swift; path = SceneDelegate.swift; sourceTree = "<group>"; };
		2ABD0910254C5720006724F1 /* Base */ = {isa = PBXFileReference; lastKnownFileType = file.storyboard; name = Base; path = Base.lproj/Main.storyboard; sourceTree = "<group>"; };
		2ABD0912254C5721006724F1 /* Assets.xcassets */ = {isa = PBXFileReference; lastKnownFileType = folder.assetcatalog; path = Assets.xcassets; sourceTree = "<group>"; };
		2ABD0915254C5721006724F1 /* Base */ = {isa = PBXFileReference; lastKnownFileType = file.storyboard; name = Base; path = Base.lproj/LaunchScreen.storyboard; sourceTree = "<group>"; };
		2ABD0917254C5721006724F1 /* Info.plist */ = {isa = PBXFileReference; lastKnownFileType = text.plist.xml; path = Info.plist; sourceTree = "<group>"; };
		2ABD091C254C5721006724F1 /* IOS-todolistTests.xctest */ = {isa = PBXFileReference; explicitFileType = wrapper.cfbundle; includeInIndex = 0; path = "IOS-todolistTests.xctest"; sourceTree = BUILT_PRODUCTS_DIR; };
		2ABD0920254C5721006724F1 /* IOS_todolistTests.swift */ = {isa = PBXFileReference; lastKnownFileType = sourcecode.swift; path = IOS_todolistTests.swift; sourceTree = "<group>"; };
		2ABD0922254C5721006724F1 /* Info.plist */ = {isa = PBXFileReference; lastKnownFileType = text.plist.xml; path = Info.plist; sourceTree = "<group>"; };
		2ABD0927254C5721006724F1 /* IOS-todolistUITests.xctest */ = {isa = PBXFileReference; explicitFileType = wrapper.cfbundle; includeInIndex = 0; path = "IOS-todolistUITests.xctest"; sourceTree = BUILT_PRODUCTS_DIR; };
		2ABD092B254C5721006724F1 /* IOS_todolistUITests.swift */ = {isa = PBXFileReference; lastKnownFileType = sourcecode.swift; path = IOS_todolistUITests.swift; sourceTree = "<group>"; };
		2ABD092D254C5721006724F1 /* Info.plist */ = {isa = PBXFileReference; lastKnownFileType = text.plist.xml; path = Info.plist; sourceTree = "<group>"; };
		2ABDEE1E255965F5001AA5C8 /* ViewController.swift */ = {isa = PBXFileReference; lastKnownFileType = sourcecode.swift; path = ViewController.swift; sourceTree = "<group>"; };
		2ABDEE2E25596EEB001AA5C8 /* NewListViewController.swift */ = {isa = PBXFileReference; lastKnownFileType = sourcecode.swift; path = NewListViewController.swift; sourceTree = "<group>"; };
		2ABF490725544EFB0074BC5C /* ListViewController.swift */ = {isa = PBXFileReference; lastKnownFileType = sourcecode.swift; path = ListViewController.swift; sourceTree = "<group>"; };
/* End PBXFileReference section */

/* Begin PBXFrameworksBuildPhase section */
		2ABD0903254C5720006724F1 /* Frameworks */ = {
			isa = PBXFrameworksBuildPhase;
			buildActionMask = 2147483647;
			files = (
			);
			runOnlyForDeploymentPostprocessing = 0;
		};
		2ABD0919254C5721006724F1 /* Frameworks */ = {
			isa = PBXFrameworksBuildPhase;
			buildActionMask = 2147483647;
			files = (
			);
			runOnlyForDeploymentPostprocessing = 0;
		};
		2ABD0924254C5721006724F1 /* Frameworks */ = {
			isa = PBXFrameworksBuildPhase;
			buildActionMask = 2147483647;
			files = (
			);
			runOnlyForDeploymentPostprocessing = 0;
		};
/* End PBXFrameworksBuildPhase section */

/* Begin PBXGroup section */
		2ABD08FD254C5720006724F1 = {
			isa = PBXGroup;
			children = (
				2ABD0908254C5720006724F1 /* IOS-todolist */,
				2ABD091F254C5721006724F1 /* IOS-todolistTests */,
				2ABD092A254C5721006724F1 /* IOS-todolistUITests */,
				2ABD0907254C5720006724F1 /* Products */,
			);
			sourceTree = "<group>";
		};
		2ABD0907254C5720006724F1 /* Products */ = {
			isa = PBXGroup;
			children = (
				2ABD0906254C5720006724F1 /* IOS-todolist.app */,
				2ABD091C254C5721006724F1 /* IOS-todolistTests.xctest */,
				2ABD0927254C5721006724F1 /* IOS-todolistUITests.xctest */,
			);
			name = Products;
			sourceTree = "<group>";
		};
		2ABD0908254C5720006724F1 /* IOS-todolist */ = {
			isa = PBXGroup;
			children = (
				2ABD0909254C5720006724F1 /* AppDelegate.swift */,
				2ABD090B254C5720006724F1 /* SceneDelegate.swift */,
				2ABD090F254C5720006724F1 /* Main.storyboard */,
				2ABD0912254C5721006724F1 /* Assets.xcassets */,
				2ABD0914254C5721006724F1 /* LaunchScreen.storyboard */,
				2ABD0917254C5721006724F1 /* Info.plist */,
				2ABF490725544EFB0074BC5C /* ListViewController.swift */,
				2ABDEE1E255965F5001AA5C8 /* ViewController.swift */,
				2ABDEE2E25596EEB001AA5C8 /* NewListViewController.swift */,
			);
			path = "IOS-todolist";
			sourceTree = "<group>";
		};
		2ABD091F254C5721006724F1 /* IOS-todolistTests */ = {
			isa = PBXGroup;
			children = (
				2ABD0920254C5721006724F1 /* IOS_todolistTests.swift */,
				2ABD0922254C5721006724F1 /* Info.plist */,
			);
			path = "IOS-todolistTests";
			sourceTree = "<group>";
		};
		2ABD092A254C5721006724F1 /* IOS-todolistUITests */ = {
			isa = PBXGroup;
			children = (
				2ABD092B254C5721006724F1 /* IOS_todolistUITests.swift */,
				2ABD092D254C5721006724F1 /* Info.plist */,
			);
			path = "IOS-todolistUITests";
			sourceTree = "<group>";
		};
/* End PBXGroup section */

/* Begin PBXNativeTarget section */
		2ABD0905254C5720006724F1 /* IOS-todolist */ = {
			isa = PBXNativeTarget;
			buildConfigurationList = 2ABD0930254C5721006724F1 /* Build configuration list for PBXNativeTarget "IOS-todolist" */;
			buildPhases = (
				2ABD0902254C5720006724F1 /* Sources */,
				2ABD0903254C5720006724F1 /* Frameworks */,
				2ABD0904254C5720006724F1 /* Resources */,
			);
			buildRules = (
			);
			dependencies = (
			);
			name = "IOS-todolist";
			productName = "IOS-todolist";
			productReference = 2ABD0906254C5720006724F1 /* IOS-todolist.app */;
			productType = "com.apple.product-type.application";
		};
		2ABD091B254C5721006724F1 /* IOS-todolistTests */ = {
			isa = PBXNativeTarget;
			buildConfigurationList = 2ABD0933254C5721006724F1 /* Build configuration list for PBXNativeTarget "IOS-todolistTests" */;
			buildPhases = (
				2ABD0918254C5721006724F1 /* Sources */,
				2ABD0919254C5721006724F1 /* Frameworks */,
				2ABD091A254C5721006724F1 /* Resources */,
			);
			buildRules = (
			);
			dependencies = (
				2ABD091E254C5721006724F1 /* PBXTargetDependency */,
			);
			name = "IOS-todolistTests";
			productName = "IOS-todolistTests";
			productReference = 2ABD091C254C5721006724F1 /* IOS-todolistTests.xctest */;
			productType = "com.apple.product-type.bundle.unit-test";
		};
		2ABD0926254C5721006724F1 /* IOS-todolistUITests */ = {
			isa = PBXNativeTarget;
			buildConfigurationList = 2ABD0936254C5721006724F1 /* Build configuration list for PBXNativeTarget "IOS-todolistUITests" */;
			buildPhases = (
				2ABD0923254C5721006724F1 /* Sources */,
				2ABD0924254C5721006724F1 /* Frameworks */,
				2ABD0925254C5721006724F1 /* Resources */,
			);
			buildRules = (
			);
			dependencies = (
				2ABD0929254C5721006724F1 /* PBXTargetDependency */,
			);
			name = "IOS-todolistUITests";
			productName = "IOS-todolistUITests";
			productReference = 2ABD0927254C5721006724F1 /* IOS-todolistUITests.xctest */;
			productType = "com.apple.product-type.bundle.ui-testing";
		};
/* End PBXNativeTarget section */

/* Begin PBXProject section */
		2ABD08FE254C5720006724F1 /* Project object */ = {
			isa = PBXProject;
			attributes = {
				LastSwiftUpdateCheck = 1210;
				LastUpgradeCheck = 1210;
				TargetAttributes = {
					2ABD0905254C5720006724F1 = {
						CreatedOnToolsVersion = 12.1;
					};
					2ABD091B254C5721006724F1 = {
						CreatedOnToolsVersion = 12.1;
						TestTargetID = 2ABD0905254C5720006724F1;
					};
					2ABD0926254C5721006724F1 = {
						CreatedOnToolsVersion = 12.1;
						TestTargetID = 2ABD0905254C5720006724F1;
					};
				};
			};
			buildConfigurationList = 2ABD0901254C5720006724F1 /* Build configuration list for PBXProject "IOS-todolist" */;
			compatibilityVersion = "Xcode 9.3";
			developmentRegion = en;
			hasScannedForEncodings = 0;
			knownRegions = (
				en,
				Base,
			);
			mainGroup = 2ABD08FD254C5720006724F1;
			productRefGroup = 2ABD0907254C5720006724F1 /* Products */;
			projectDirPath = "";
			projectRoot = "";
			targets = (
				2ABD0905254C5720006724F1 /* IOS-todolist */,
				2ABD091B254C5721006724F1 /* IOS-todolistTests */,
				2ABD0926254C5721006724F1 /* IOS-todolistUITests */,
			);
		};
/* End PBXProject section */

/* Begin PBXResourcesBuildPhase section */
		2ABD0904254C5720006724F1 /* Resources */ = {
			isa = PBXResourcesBuildPhase;
			buildActionMask = 2147483647;
			files = (
				2ABD0916254C5721006724F1 /* LaunchScreen.storyboard in Resources */,
				2ABD0913254C5721006724F1 /* Assets.xcassets in Resources */,
				2ABD0911254C5720006724F1 /* Main.storyboard in Resources */,
			);
			runOnlyForDeploymentPostprocessing = 0;
		};
		2ABD091A254C5721006724F1 /* Resources */ = {
			isa = PBXResourcesBuildPhase;
			buildActionMask = 2147483647;
			files = (
			);
			runOnlyForDeploymentPostprocessing = 0;
		};
		2ABD0925254C5721006724F1 /* Resources */ = {
			isa = PBXResourcesBuildPhase;
			buildActionMask = 2147483647;
			files = (
			);
			runOnlyForDeploymentPostprocessing = 0;
		};
/* End PBXResourcesBuildPhase section */

/* Begin PBXSourcesBuildPhase section */
		2ABD0902254C5720006724F1 /* Sources */ = {
			isa = PBXSourcesBuildPhase;
			buildActionMask = 2147483647;
			files = (
				2ABDEE1F255965F5001AA5C8 /* ViewController.swift in Sources */,
				2ABD090A254C5720006724F1 /* AppDelegate.swift in Sources */,
				2ABF490825544EFB0074BC5C /* ListViewController.swift in Sources */,
				2ABDEE2F25596EEB001AA5C8 /* NewListViewController.swift in Sources */,
				2ABD090C254C5720006724F1 /* SceneDelegate.swift in Sources */,
			);
			runOnlyForDeploymentPostprocessing = 0;
		};
		2ABD0918254C5721006724F1 /* Sources */ = {
			isa = PBXSourcesBuildPhase;
			buildActionMask = 2147483647;
			files = (
				2ABD0921254C5721006724F1 /* IOS_todolistTests.swift in Sources */,
			);
			runOnlyForDeploymentPostprocessing = 0;
		};
		2ABD0923254C5721006724F1 /* Sources */ = {
			isa = PBXSourcesBuildPhase;
			buildActionMask = 2147483647;
			files = (
				2ABD092C254C5721006724F1 /* IOS_todolistUITests.swift in Sources */,
			);
			runOnlyForDeploymentPostprocessing = 0;
		};
/* End PBXSourcesBuildPhase section */

/* Begin PBXTargetDependency section */
		2ABD091E254C5721006724F1 /* PBXTargetDependency */ = {
			isa = PBXTargetDependency;
			target = 2ABD0905254C5720006724F1 /* IOS-todolist */;
			targetProxy = 2ABD091D254C5721006724F1 /* PBXContainerItemProxy */;
		};
		2ABD0929254C5721006724F1 /* PBXTargetDependency */ = {
			isa = PBXTargetDependency;
			target = 2ABD0905254C5720006724F1 /* IOS-todolist */;
			targetProxy = 2ABD0928254C5721006724F1 /* PBXContainerItemProxy */;
		};
/* End PBXTargetDependency section */

/* Begin PBXVariantGroup section */
		2ABD090F254C5720006724F1 /* Main.storyboard */ = {
			isa = PBXVariantGroup;
			children = (
				2ABD0910254C5720006724F1 /* Base */,
			);
			name = Main.storyboard;
			sourceTree = "<group>";
		};
		2ABD0914254C5721006724F1 /* LaunchScreen.storyboard */ = {
			isa = PBXVariantGroup;
			children = (
				2ABD0915254C5721006724F1 /* Base */,
			);
			name = LaunchScreen.storyboard;
			sourceTree = "<group>";
		};
/* End PBXVariantGroup section */

/* Begin XCBuildConfiguration section */
		2ABD092E254C5721006724F1 /* Debug */ = {
			isa = XCBuildConfiguration;
			buildSettings = {
				ALWAYS_SEARCH_USER_PATHS = NO;
				CLANG_ANALYZER_NONNULL = YES;
				CLANG_ANALYZER_NUMBER_OBJECT_CONVERSION = YES_AGGRESSIVE;
				CLANG_CXX_LANGUAGE_STANDARD = "gnu++14";
				CLANG_CXX_LIBRARY = "libc++";
				CLANG_ENABLE_MODULES = YES;
				CLANG_ENABLE_OBJC_ARC = YES;
				CLANG_ENABLE_OBJC_WEAK = YES;
				CLANG_WARN_BLOCK_CAPTURE_AUTORELEASING = YES;
				CLANG_WARN_BOOL_CONVERSION = YES;
				CLANG_WARN_COMMA = YES;
				CLANG_WARN_CONSTANT_CONVERSION = YES;
				CLANG_WARN_DEPRECATED_OBJC_IMPLEMENTATIONS = YES;
				CLANG_WARN_DIRECT_OBJC_ISA_USAGE = YES_ERROR;
				CLANG_WARN_DOCUMENTATION_COMMENTS = YES;
				CLANG_WARN_EMPTY_BODY = YES;
				CLANG_WARN_ENUM_CONVERSION = YES;
				CLANG_WARN_INFINITE_RECURSION = YES;
				CLANG_WARN_INT_CONVERSION = YES;
				CLANG_WARN_NON_LITERAL_NULL_CONVERSION = YES;
				CLANG_WARN_OBJC_IMPLICIT_RETAIN_SELF = YES;
				CLANG_WARN_OBJC_LITERAL_CONVERSION = YES;
				CLANG_WARN_OBJC_ROOT_CLASS = YES_ERROR;
				CLANG_WARN_QUOTED_INCLUDE_IN_FRAMEWORK_HEADER = YES;
				CLANG_WARN_RANGE_LOOP_ANALYSIS = YES;
				CLANG_WARN_STRICT_PROTOTYPES = YES;
				CLANG_WARN_SUSPICIOUS_MOVE = YES;
				CLANG_WARN_UNGUARDED_AVAILABILITY = YES_AGGRESSIVE;
				CLANG_WARN_UNREACHABLE_CODE = YES;
				CLANG_WARN__DUPLICATE_METHOD_MATCH = YES;
				COPY_PHASE_STRIP = NO;
				DEBUG_INFORMATION_FORMAT = dwarf;
				ENABLE_STRICT_OBJC_MSGSEND = YES;
				ENABLE_TESTABILITY = YES;
				GCC_C_LANGUAGE_STANDARD = gnu11;
				GCC_DYNAMIC_NO_PIC = NO;
				GCC_NO_COMMON_BLOCKS = YES;
				GCC_OPTIMIZATION_LEVEL = 0;
				GCC_PREPROCESSOR_DEFINITIONS = (
					"DEBUG=1",
					"$(inherited)",
				);
				GCC_WARN_64_TO_32_BIT_CONVERSION = YES;
				GCC_WARN_ABOUT_RETURN_TYPE = YES_ERROR;
				GCC_WARN_UNDECLARED_SELECTOR = YES;
				GCC_WARN_UNINITIALIZED_AUTOS = YES_AGGRESSIVE;
				GCC_WARN_UNUSED_FUNCTION = YES;
				GCC_WARN_UNUSED_VARIABLE = YES;
				IPHONEOS_DEPLOYMENT_TARGET = 14.1;
				MTL_ENABLE_DEBUG_INFO = INCLUDE_SOURCE;
				MTL_FAST_MATH = YES;
				ONLY_ACTIVE_ARCH = YES;
				SDKROOT = iphoneos;
				SWIFT_ACTIVE_COMPILATION_CONDITIONS = DEBUG;
				SWIFT_OPTIMIZATION_LEVEL = "-Onone";
			};
			name = Debug;
		};
		2ABD092F254C5721006724F1 /* Release */ = {
			isa = XCBuildConfiguration;
			buildSettings = {
				ALWAYS_SEARCH_USER_PATHS = NO;
				CLANG_ANALYZER_NONNULL = YES;
				CLANG_ANALYZER_NUMBER_OBJECT_CONVERSION = YES_AGGRESSIVE;
				CLANG_CXX_LANGUAGE_STANDARD = "gnu++14";
				CLANG_CXX_LIBRARY = "libc++";
				CLANG_ENABLE_MODULES = YES;
				CLANG_ENABLE_OBJC_ARC = YES;
				CLANG_ENABLE_OBJC_WEAK = YES;
				CLANG_WARN_BLOCK_CAPTURE_AUTORELEASING = YES;
				CLANG_WARN_BOOL_CONVERSION = YES;
				CLANG_WARN_COMMA = YES;
				CLANG_WARN_CONSTANT_CONVERSION = YES;
				CLANG_WARN_DEPRECATED_OBJC_IMPLEMENTATIONS = YES;
				CLANG_WARN_DIRECT_OBJC_ISA_USAGE = YES_ERROR;
				CLANG_WARN_DOCUMENTATION_COMMENTS = YES;
				CLANG_WARN_EMPTY_BODY = YES;
				CLANG_WARN_ENUM_CONVERSION = YES;
				CLANG_WARN_INFINITE_RECURSION = YES;
				CLANG_WARN_INT_CONVERSION = YES;
				CLANG_WARN_NON_LITERAL_NULL_CONVERSION = YES;
				CLANG_WARN_OBJC_IMPLICIT_RETAIN_SELF = YES;
				CLANG_WARN_OBJC_LITERAL_CONVERSION = YES;
				CLANG_WARN_OBJC_ROOT_CLASS = YES_ERROR;
				CLANG_WARN_QUOTED_INCLUDE_IN_FRAMEWORK_HEADER = YES;
				CLANG_WARN_RANGE_LOOP_ANALYSIS = YES;
				CLANG_WARN_STRICT_PROTOTYPES = YES;
				CLANG_WARN_SUSPICIOUS_MOVE = YES;
				CLANG_WARN_UNGUARDED_AVAILABILITY = YES_AGGRESSIVE;
				CLANG_WARN_UNREACHABLE_CODE = YES;
				CLANG_WARN__DUPLICATE_METHOD_MATCH = YES;
				COPY_PHASE_STRIP = NO;
				DEBUG_INFORMATION_FORMAT = "dwarf-with-dsym";
				ENABLE_NS_ASSERTIONS = NO;
				ENABLE_STRICT_OBJC_MSGSEND = YES;
				GCC_C_LANGUAGE_STANDARD = gnu11;
				GCC_NO_COMMON_BLOCKS = YES;
				GCC_WARN_64_TO_32_BIT_CONVERSION = YES;
				GCC_WARN_ABOUT_RETURN_TYPE = YES_ERROR;
				GCC_WARN_UNDECLARED_SELECTOR = YES;
				GCC_WARN_UNINITIALIZED_AUTOS = YES_AGGRESSIVE;
				GCC_WARN_UNUSED_FUNCTION = YES;
				GCC_WARN_UNUSED_VARIABLE = YES;
				IPHONEOS_DEPLOYMENT_TARGET = 14.1;
				MTL_ENABLE_DEBUG_INFO = NO;
				MTL_FAST_MATH = YES;
				SDKROOT = iphoneos;
				SWIFT_COMPILATION_MODE = wholemodule;
				SWIFT_OPTIMIZATION_LEVEL = "-O";
				VALIDATE_PRODUCT = YES;
			};
			name = Release;
		};
		2ABD0931254C5721006724F1 /* Debug */ = {
			isa = XCBuildConfiguration;
			buildSettings = {
				ASSETCATALOG_COMPILER_APPICON_NAME = AppIcon;
				ASSETCATALOG_COMPILER_GLOBAL_ACCENT_COLOR_NAME = AccentColor;
				CODE_SIGN_STYLE = Automatic;
				INFOPLIST_FILE = "IOS-todolist/Info.plist";
				LD_RUNPATH_SEARCH_PATHS = (
					"$(inherited)",
					"@executable_path/Frameworks",
				);
				PRODUCT_BUNDLE_IDENTIFIER = "IOS-todolist.IOS-todolist";
				PRODUCT_NAME = "$(TARGET_NAME)";
				SWIFT_VERSION = 5.0;
				TARGETED_DEVICE_FAMILY = "1,2";
			};
			name = Debug;
		};
		2ABD0932254C5721006724F1 /* Release */ = {
			isa = XCBuildConfiguration;
			buildSettings = {
				ASSETCATALOG_COMPILER_APPICON_NAME = AppIcon;
				ASSETCATALOG_COMPILER_GLOBAL_ACCENT_COLOR_NAME = AccentColor;
				CODE_SIGN_STYLE = Automatic;
				INFOPLIST_FILE = "IOS-todolist/Info.plist";
				LD_RUNPATH_SEARCH_PATHS = (
					"$(inherited)",
					"@executable_path/Frameworks",
				);
				PRODUCT_BUNDLE_IDENTIFIER = "IOS-todolist.IOS-todolist";
				PRODUCT_NAME = "$(TARGET_NAME)";
				SWIFT_VERSION = 5.0;
				TARGETED_DEVICE_FAMILY = "1,2";
			};
			name = Release;
		};
		2ABD0934254C5721006724F1 /* Debug */ = {
			isa = XCBuildConfiguration;
			buildSettings = {
				ALWAYS_EMBED_SWIFT_STANDARD_LIBRARIES = YES;
				BUNDLE_LOADER = "$(TEST_HOST)";
				CODE_SIGN_STYLE = Automatic;
				INFOPLIST_FILE = "IOS-todolistTests/Info.plist";
				IPHONEOS_DEPLOYMENT_TARGET = 14.1;
				LD_RUNPATH_SEARCH_PATHS = (
					"$(inherited)",
					"@executable_path/Frameworks",
					"@loader_path/Frameworks",
				);
				PRODUCT_BUNDLE_IDENTIFIER = "IOS-todolist.IOS-todolistTests";
				PRODUCT_NAME = "$(TARGET_NAME)";
				SWIFT_VERSION = 5.0;
				TARGETED_DEVICE_FAMILY = "1,2";
				TEST_HOST = "$(BUILT_PRODUCTS_DIR)/IOS-todolist.app/IOS-todolist";
			};
			name = Debug;
		};
		2ABD0935254C5721006724F1 /* Release */ = {
			isa = XCBuildConfiguration;
			buildSettings = {
				ALWAYS_EMBED_SWIFT_STANDARD_LIBRARIES = YES;
				BUNDLE_LOADER = "$(TEST_HOST)";
				CODE_SIGN_STYLE = Automatic;
				INFOPLIST_FILE = "IOS-todolistTests/Info.plist";
				IPHONEOS_DEPLOYMENT_TARGET = 14.1;
				LD_RUNPATH_SEARCH_PATHS = (
					"$(inherited)",
					"@executable_path/Frameworks",
					"@loader_path/Frameworks",
				);
				PRODUCT_BUNDLE_IDENTIFIER = "IOS-todolist.IOS-todolistTests";
				PRODUCT_NAME = "$(TARGET_NAME)";
				SWIFT_VERSION = 5.0;
				TARGETED_DEVICE_FAMILY = "1,2";
				TEST_HOST = "$(BUILT_PRODUCTS_DIR)/IOS-todolist.app/IOS-todolist";
			};
			name = Release;
		};
		2ABD0937254C5721006724F1 /* Debug */ = {
			isa = XCBuildConfiguration;
			buildSettings = {
				ALWAYS_EMBED_SWIFT_STANDARD_LIBRARIES = YES;
				CODE_SIGN_STYLE = Automatic;
				INFOPLIST_FILE = "IOS-todolistUITests/Info.plist";
				LD_RUNPATH_SEARCH_PATHS = (
					"$(inherited)",
					"@executable_path/Frameworks",
					"@loader_path/Frameworks",
				);
				PRODUCT_BUNDLE_IDENTIFIER = "IOS-todolist.IOS-todolistUITests";
				PRODUCT_NAME = "$(TARGET_NAME)";
				SWIFT_VERSION = 5.0;
				TARGETED_DEVICE_FAMILY = "1,2";
				TEST_TARGET_NAME = "IOS-todolist";
			};
			name = Debug;
		};
		2ABD0938254C5721006724F1 /* Release */ = {
			isa = XCBuildConfiguration;
			buildSettings = {
				ALWAYS_EMBED_SWIFT_STANDARD_LIBRARIES = YES;
				CODE_SIGN_STYLE = Automatic;
				INFOPLIST_FILE = "IOS-todolistUITests/Info.plist";
				LD_RUNPATH_SEARCH_PATHS = (
					"$(inherited)",
					"@executable_path/Frameworks",
					"@loader_path/Frameworks",
				);
				PRODUCT_BUNDLE_IDENTIFIER = "IOS-todolist.IOS-todolistUITests";
				PRODUCT_NAME = "$(TARGET_NAME)";
				SWIFT_VERSION = 5.0;
				TARGETED_DEVICE_FAMILY = "1,2";
				TEST_TARGET_NAME = "IOS-todolist";
			};
			name = Release;
		};
/* End XCBuildConfiguration section */

/* Begin XCConfigurationList section */
		2ABD0901254C5720006724F1 /* Build configuration list for PBXProject "IOS-todolist" */ = {
			isa = XCConfigurationList;
			buildConfigurations = (
				2ABD092E254C5721006724F1 /* Debug */,
				2ABD092F254C5721006724F1 /* Release */,
			);
			defaultConfigurationIsVisible = 0;
			defaultConfigurationName = Release;
		};
		2ABD0930254C5721006724F1 /* Build configuration list for PBXNativeTarget "IOS-todolist" */ = {
			isa = XCConfigurationList;
			buildConfigurations = (
				2ABD0931254C5721006724F1 /* Debug */,
				2ABD0932254C5721006724F1 /* Release */,
			);
			defaultConfigurationIsVisible = 0;
			defaultConfigurationName = Release;
		};
		2ABD0933254C5721006724F1 /* Build configuration list for PBXNativeTarget "IOS-todolistTests" */ = {
			isa = XCConfigurationList;
			buildConfigurations = (
				2ABD0934254C5721006724F1 /* Debug */,
				2ABD0935254C5721006724F1 /* Release */,
			);
			defaultConfigurationIsVisible = 0;
			defaultConfigurationName = Release;
		};
		2ABD0936254C5721006724F1 /* Build configuration list for PBXNativeTarget "IOS-todolistUITests" */ = {
			isa = XCConfigurationList;
			buildConfigurations = (
				2ABD0937254C5721006724F1 /* Debug */,
				2ABD0938254C5721006724F1 /* Release */,
			);
			defaultConfigurationIsVisible = 0;
			defaultConfigurationName = Release;
		};
/* End XCConfigurationList section */
	};
	rootObject = 2ABD08FE254C5720006724F1 /* Project object */;
}
